<Solution>
  <Folder Name="/solution items/">
  </Folder>
  <Folder Name="/src/">

  </Folder>
  <Folder Name="/src/01-ateliers-dev/">
    <Project Path="../ateliers-dev/Ateliers.Dev.csproj" />
  </Folder>
  <Folder Name="/src/11-ateliers-core/">
    <File Path="ateliers-core/ateliers-core.slnx" />
    <Project Path="../ateliers-core/src/Ateliers.Core/Ateliers.Core.csproj" />
  </Folder>
  <Folder Name="/src/11-ateliers-core/tests/">
    <Project Path="../ateliers-core/src/Ateliers.Core.UnitTests/Ateliers.Core.UnitTests.csproj" />
  </Folder>
  <Folder Name="/src/12-ateliers-voice-engines/">
    <File Path="ateliers-voice-engines/ateliers-voice-engines.slnx" />
    <Project Path="../ateliers-voice-engines/src/Ateliers.Voice.Engines.VoicePeakTools/Ateliers.Voice.Engines.VoicePeakTools.csproj" />
    <Project Path="../ateliers-voice-engines/src/Ateliers.Voice.Engines.VoicevoxTools/Ateliers.Voice.Engines.VoicevoxTools.csproj" />
    <Project Path="../ateliers-voice-engines/src/Ateliers.Voice.Engines/Ateliers.Voice.Engines.csproj" />
  </Folder>
  <Folder Name="/src/12-ateliers-voice-engines/tests/">
    <Project Path="../ateliers-voice-engines/src/Ateliers.Voice.Engines.UnitTests/Ateliers.Voice.Engines.UnitTests.csproj" />
    <Project Path="../ateliers-voice-engines/src/Ateliers.Voice.Engines.VoicePeakTools.IntegrationTests/Ateliers.Voice.Engines.VoicePeakTools.IntegrationTests.csproj" />
    <Project Path="../ateliers-voice-engines/src/Ateliers.Voice.Engines.VoicePeakTools.UnitTests/Ateliers.Voice.Engines.VoicePeakTools.UnitTests.csproj" />
    <Project Path="../ateliers-voice-engines/src/Ateliers.Voice.Engines.VoicevoxTools.IntegrationTests/Ateliers.Voice.Engines.VoicevoxTools.IntegrationTests.csproj" />
    <Project Path="../ateliers-voice-engines/src/Ateliers.Voice.Engines.VoicevoxTools.UnitTests/Ateliers.Voice.Engines.VoicevoxTools.UnitTests.csproj" />
  </Folder>
  <Folder Name="/src/21-ateliers-ai-mcp/" />
  <Folder Name="/src/21-ateliers-ai-mcp/00-projectbase/">
    <Project Path="../ateliers-ai-mcp-projectbase/Ateliers.Ai.Mcp.ProjectBase.csproj" />
  </Folder>
  <Folder Name="/src/21-ateliers-ai-mcp/01-core/">
    <File Path="ateliers-ai-mcp-core/ateliers-ai-mcp-core.slnx" />
    <Project Path="../ateliers-ai-mcp-core/src/Ateliers.Ai.Mcp.Core/Ateliers.Ai.Mcp.Core.csproj" />
  </Folder>
  <Folder Name="/src/21-ateliers-ai-mcp/01-core/tests/">
    <Project Path="../ateliers-ai-mcp-core/src/Ateliers.Ai.Mcp.Core.UnitTests/Ateliers.Ai.Mcp.Core.UnitTests.csproj" />
  </Folder>
  <Folder Name="/src/21-ateliers-ai-mcp/02-services/">
    <File Path="ateliers-ai-mcp-services/ateliers-ai-mcp-services.slnx" />
    <Project Path="../ateliers-ai-mcp-services/src/Ateliers.Ai.Mcp.Services.Ffmpeg/Ateliers.Ai.Mcp.Services.Ffmpeg.csproj" />
    <Project Path="../ateliers-ai-mcp-services/src/Ateliers.Ai.Mcp.Services.Git/Ateliers.Ai.Mcp.Services.Git.csproj" />
    <Project Path="../ateliers-ai-mcp-services/src/Ateliers.Ai.Mcp.Services.GitHub/Ateliers.Ai.Mcp.Services.GitHub.csproj" />
    <Project Path="../ateliers-ai-mcp-services/src/Ateliers.Ai.Mcp.Services.LocalFs/Ateliers.Ai.Mcp.Services.LocalFs.csproj" />
    <Project Path="../ateliers-ai-mcp-services/src/Ateliers.Ai.Mcp.Services.Marp/Ateliers.Ai.Mcp.Services.Marp.csproj" />
    <Project Path="../ateliers-ai-mcp-services/src/Ateliers.Ai.Mcp.Services.Notion/Ateliers.Ai.Mcp.Services.Notion.csproj" />
    <Project Path="../ateliers-ai-mcp-services/src/Ateliers.Ai.Mcp.Services.PresentationVideo/Ateliers.Ai.Mcp.Services.PresentationVideo.csproj" />
    <Project Path="../ateliers-ai-mcp-services/src/Ateliers.Ai.Mcp.Services.VoicePeak/Ateliers.Ai.Mcp.Services.VoicePeak.csproj" />
    <Project Path="../ateliers-ai-mcp-services/src/Ateliers.Ai.Mcp.Services.Voicevox/Ateliers.Ai.Mcp.Services.Voicevox.csproj" />
    <Project Path="../ateliers-ai-mcp-services/src/Ateliers.Ai.Mcp.Services/Ateliers.Ai.Mcp.Services.csproj" />
  </Folder>
  <Folder Name="/src/21-ateliers-ai-mcp/02-services/tests/">
    <Project Path="../ateliers-ai-mcp-services/src/Ateliers.Ai.Mcp.Services.Ffmpeg.UnitTests/Ateliers.Ai.Mcp.Services.Ffmpeg.UnitTests.csproj" />
    <Project Path="../ateliers-ai-mcp-services/src/Ateliers.Ai.Mcp.Services.Git.UnitTests/Ateliers.Ai.Mcp.Services.Git.UnitTests.csproj" />
    <Project Path="../ateliers-ai-mcp-services/src/Ateliers.Ai.Mcp.Services.GitHub.UnitTests/Ateliers.Ai.Mcp.Services.GitHub.UnitTests.csproj" />
    <Project Path="../ateliers-ai-mcp-services/src/Ateliers.Ai.Mcp.Services.LocalFs.UnitTests/Ateliers.Ai.Mcp.Services.LocalFs.UnitTests.csproj" />
    <Project Path="../ateliers-ai-mcp-services/src/Ateliers.Ai.Mcp.Services.Marp.UnitTests/Ateliers.Ai.Mcp.Services.Marp.UnitTests.csproj" />
    <Project Path="../ateliers-ai-mcp-services/src/Ateliers.Ai.Mcp.Services.Notion.UnitTests/Ateliers.Ai.Mcp.Services.Notion.UnitTests.csproj" />
    <Project Path="../ateliers-ai-mcp-services/src/Ateliers.Ai.Mcp.Services.PresentationVideo.UnitTests/Ateliers.Ai.Mcp.Services.PresentationVideo.UnitTests.csproj" />
    <Project Path="../ateliers-ai-mcp-services/src/Ateliers.Ai.Mcp.Services.UnitTests/Ateliers.Ai.Mcp.Services.UnitTests.csproj" />
    <Project Path="../ateliers-ai-mcp-services/src/Ateliers.Ai.Mcp.Services.VoicePeak.IntegrationTests/Ateliers.Ai.Mcp.Services.VoicePeak.IntegrationTests.csproj" />
    <Project Path="../ateliers-ai-mcp-services/src/Ateliers.Ai.Mcp.Services.VoicePeak.UnitTests/Ateliers.Ai.Mcp.Services.VoicePeak.UnitTests.csproj" />
    <Project Path="../ateliers-ai-mcp-services/src/Ateliers.Ai.Mcp.Services.Voicevox.IntegrationTests/Ateliers.Ai.Mcp.Services.Voicevox.IntegrationTests.csproj" />
    <Project Path="../ateliers-ai-mcp-services/src/Ateliers.Ai.Mcp.Services.Voicevox.UnitTests/Ateliers.Ai.Mcp.Services.Voicevox.UnitTests.csproj" />
  </Folder>
  <Folder Name="/src/21-ateliers-ai-mcp/03-tools/">
    <File Path="ateliers-ai-mcp-tools/ateliers-ai-mcp-tools.slnx" />
    <Project Path="../ateliers-ai-mcp-tools/src/Ateliers.Ai.Mcp.Tools.Docusaurus.AteliersDev/Ateliers.Ai.Mcp.Tools.Docusaurus.AteliersDev.csproj" />
    <Project Path="../ateliers-ai-mcp-tools/src/Ateliers.Ai.Mcp.Tools.Docusaurus/Ateliers.Ai.Mcp.Tools.Docusaurus.csproj" />
    <Project Path="../ateliers-ai-mcp-tools/src/Ateliers.Ai.Mcp.Tools.Git/Ateliers.Ai.Mcp.Tools.Git.csproj" />
    <Project Path="../ateliers-ai-mcp-tools/src/Ateliers.Ai.Mcp.Tools.McpLogAnalyzer/Ateliers.Ai.Mcp.Tools.McpLogAnalyzer.csproj" />
    <Project Path="../ateliers-ai-mcp-tools/src/Ateliers.Ai.Mcp.Tools.Notion/Ateliers.Ai.Mcp.Tools.Notion.csproj" />
    <Project Path="../ateliers-ai-mcp-tools/src/Ateliers.Ai.Mcp.Tools.Presentation/Ateliers.Ai.Mcp.Tools.Presentation.csproj" />
    <Project Path="../ateliers-ai-mcp-tools/src/Ateliers.Ai.Mcp.Tools.Repository/Ateliers.Ai.Mcp.Tools.Repository.csproj" />
    <Project Path="../ateliers-ai-mcp-tools/src/Ateliers.Ai.Mcp.Tools/Ateliers.Ai.Mcp.Tools.csproj" />
  </Folder>
  <Folder Name="/src/21-ateliers-ai-mcp/03-tools/tests/">
    <Project Path="../ateliers-ai-mcp-tools/src/Ateliers.Ai.Mcp.Tools.Docusaurus.AteliersDev.UnitTests/Ateliers.Ai.Mcp.Tools.Docusaurus.AteliersDev.UnitTests.csproj" />
    <Project Path="../ateliers-ai-mcp-tools/src/Ateliers.Ai.Mcp.Tools.Docusaurus.UnitTests/Ateliers.Ai.Mcp.Tools.Docusaurus.UnitTests.csproj" />
    <Project Path="../ateliers-ai-mcp-tools/src/Ateliers.Ai.Mcp.Tools.Git.UnitTests/Ateliers.Ai.Mcp.Tools.Git.UnitTests.csproj" />
    <Project Path="../ateliers-ai-mcp-tools/src/Ateliers.Ai.Mcp.Tools.McpLogAnalyzer.UnitTests/Ateliers.Ai.Mcp.Tools.McpLogAnalyzer.UnitTests.csproj" />
    <Project Path="../ateliers-ai-mcp-tools/src/Ateliers.Ai.Mcp.Tools.Notion.UnitTests/Ateliers.Ai.Mcp.Tools.Notion.UnitTests.csproj" />
    <Project Path="../ateliers-ai-mcp-tools/src/Ateliers.Ai.Mcp.Tools.Presentation.UnitTests/Ateliers.Ai.Mcp.Tools.Presentation.UnitTests.csproj" />
    <Project Path="../ateliers-ai-mcp-tools/src/Ateliers.Ai.Mcp.Tools.Repository.UnitTests/Ateliers.Ai.Mcp.Tools.Repository.UnitTests.csproj" />
    <Project Path="../ateliers-ai-mcp-tools/src/Ateliers.Ai.Mcp.Tools.UnitTests/Ateliers.Ai.Mcp.Tools.UnitTests.csproj" />
  </Folder>
  <Folder Name="/src/21-ateliers-ai-mcp/04-processes/">
    <File Path="ateliers-ai-mcp-processes/ateliers-ai-mcp-processes.slnx" />
    <Project Path="../ateliers-ai-mcp-processes/src/Ateliers.Ai.Mcp.Processes.Claude/Ateliers.Ai.Mcp.Processes.Claude.csproj" />
    <Project Path="../ateliers-ai-mcp-processes/src/Ateliers.Ai.Mcp.Processes.Copilot/Ateliers.Ai.Mcp.Processes.Copilot.csproj" />
    <Project Path="../ateliers-ai-mcp-processes/src/Ateliers.Ai.Mcp.Processes.Cursor/Ateliers.Ai.Mcp.Processes.Cursor.csproj" />
    <Project Path="../ateliers-ai-mcp-processes/src/Ateliers.Ai.Mcp.Processes/Ateliers.Ai.Mcp.Processes.csproj" />
  </Folder>
  <Folder Name="/src/21-ateliers-ai-mcp/04-processes/tests/">
    <Project Path="../ateliers-ai-mcp-processes/src/Ateliers.Ai.Mcp.Processes.Claude.UnitTests/Ateliers.Ai.Mcp.Processes.Claude.UnitTests.csproj" />
    <Project Path="../ateliers-ai-mcp-processes/src/Ateliers.Ai.Mcp.Processes.Copilot.UnitTests/Ateliers.Ai.Mcp.Processes.Copilot.UnitTests.csproj" />
    <Project Path="../ateliers-ai-mcp-processes/src/Ateliers.Ai.Mcp.Processes.Cursor.UnitTests/Ateliers.Ai.Mcp.Processes.Cursor.UnitTests.csproj" />
    <Project Path="../ateliers-ai-mcp-processes/src/Ateliers.Ai.Mcp.Processes.UnitTests/Ateliers.Ai.Mcp.Processes.UnitTests.csproj" />
  </Folder>
</Solution>
